// !$*UTF8*$!
{
	archiveVersion = 1;
	classes = {
	};
	objectVersion = 46;
	objects = {

/* Begin PBXBuildFile section */
		701AA5779FCE9CF75EE07E86 /* libPods-Swapi-App.a in Frameworks */ = {isa = PBXBuildFile; fileRef = 7C3531C00CC4EC5D70B38248 /* libPods-Swapi-App.a */; };
		DA9401A31AC77C0300726F4E /* AppDelegate.swift in Sources */ = {isa = PBXBuildFile; fileRef = DA9401A21AC77C0300726F4E /* AppDelegate.swift */; };
		DA9401A51AC77C0300726F4E /* ViewController.swift in Sources */ = {isa = PBXBuildFile; fileRef = DA9401A41AC77C0300726F4E /* ViewController.swift */; };
		DA9401A81AC77C0300726F4E /* Main.storyboard in Resources */ = {isa = PBXBuildFile; fileRef = DA9401A61AC77C0300726F4E /* Main.storyboard */; };
		DA9401AA1AC77C0300726F4E /* Images.xcassets in Resources */ = {isa = PBXBuildFile; fileRef = DA9401A91AC77C0300726F4E /* Images.xcassets */; };
		DA9401AD1AC77C0300726F4E /* LaunchScreen.xib in Resources */ = {isa = PBXBuildFile; fileRef = DA9401AB1AC77C0300726F4E /* LaunchScreen.xib */; };
		DA9401B91AC77C0300726F4E /* Swapi_AppTests.swift in Sources */ = {isa = PBXBuildFile; fileRef = DA9401B81AC77C0300726F4E /* Swapi_AppTests.swift */; };
/* End PBXBuildFile section */

/* Begin PBXContainerItemProxy section */
		DA9401B31AC77C0300726F4E /* PBXContainerItemProxy */ = {
			isa = PBXContainerItemProxy;
			containerPortal = DA9401951AC77C0300726F4E /* Project object */;
			proxyType = 1;
			remoteGlobalIDString = DA94019C1AC77C0300726F4E;
			remoteInfo = "Swapi-App";
		};
/* End PBXContainerItemProxy section */

/* Begin PBXFileReference section */
		40359BD3C3DE0CB069B73F5C /* Pods-Swapi-App.debug.xcconfig */ = {isa = PBXFileReference; includeInIndex = 1; lastKnownFileType = text.xcconfig; name = "Pods-Swapi-App.debug.xcconfig"; path = "Pods/Target Support Files/Pods-Swapi-App/Pods-Swapi-App.debug.xcconfig"; sourceTree = "<group>"; };
		7C3531C00CC4EC5D70B38248 /* libPods-Swapi-App.a */ = {isa = PBXFileReference; explicitFileType = archive.ar; includeInIndex = 0; path = "libPods-Swapi-App.a"; sourceTree = BUILT_PRODUCTS_DIR; };
		DA30E3161AC77D8500C662B6 /* Bridge.h */ = {isa = PBXFileReference; lastKnownFileType = sourcecode.c.h; path = Bridge.h; sourceTree = "<group>"; };
		DA94019D1AC77C0300726F4E /* Swapi-App.app */ = {isa = PBXFileReference; explicitFileType = wrapper.application; includeInIndex = 0; path = "Swapi-App.app"; sourceTree = BUILT_PRODUCTS_DIR; };
		DA9401A11AC77C0300726F4E /* Info.plist */ = {isa = PBXFileReference; lastKnownFileType = text.plist.xml; path = Info.plist; sourceTree = "<group>"; };
		DA9401A21AC77C0300726F4E /* AppDelegate.swift */ = {isa = PBXFileReference; lastKnownFileType = sourcecode.swift; path = AppDelegate.swift; sourceTree = "<group>"; };
		DA9401A41AC77C0300726F4E /* ViewController.swift */ = {isa = PBXFileReference; lastKnownFileType = sourcecode.swift; path = ViewController.swift; sourceTree = "<group>"; };
		DA9401A71AC77C0300726F4E /* Base */ = {isa = PBXFileReference; lastKnownFileType = file.storyboard; name = Base; path = Base.lproj/Main.storyboard; sourceTree = "<group>"; };
		DA9401A91AC77C0300726F4E /* Images.xcassets */ = {isa = PBXFileReference; lastKnownFileType = folder.assetcatalog; path = Images.xcassets; sourceTree = "<group>"; };
		DA9401AC1AC77C0300726F4E /* Base */ = {isa = PBXFileReference; lastKnownFileType = file.xib; name = Base; path = Base.lproj/LaunchScreen.xib; sourceTree = "<group>"; };
		DA9401B21AC77C0300726F4E /* Swapi-AppTests.xctest */ = {isa = PBXFileReference; explicitFileType = wrapper.cfbundle; includeInIndex = 0; path = "Swapi-AppTests.xctest"; sourceTree = BUILT_PRODUCTS_DIR; };
		DA9401B71AC77C0300726F4E /* Info.plist */ = {isa = PBXFileReference; lastKnownFileType = text.plist.xml; path = Info.plist; sourceTree = "<group>"; };
		DA9401B81AC77C0300726F4E /* Swapi_AppTests.swift */ = {isa = PBXFileReference; lastKnownFileType = sourcecode.swift; path = Swapi_AppTests.swift; sourceTree = "<group>"; };
		EF041848E3C087E1F2B6557E /* Pods-Swapi-App.release.xcconfig */ = {isa = PBXFileReference; includeInIndex = 1; lastKnownFileType = text.xcconfig; name = "Pods-Swapi-App.release.xcconfig"; path = "Pods/Target Support Files/Pods-Swapi-App/Pods-Swapi-App.release.xcconfig"; sourceTree = "<group>"; };
/* End PBXFileReference section */

/* Begin PBXFrameworksBuildPhase section */
		DA94019A1AC77C0300726F4E /* Frameworks */ = {
			isa = PBXFrameworksBuildPhase;
			buildActionMask = 2147483647;
			files = (
				701AA5779FCE9CF75EE07E86 /* libPods-Swapi-App.a in Frameworks */,
			);
			runOnlyForDeploymentPostprocessing = 0;
		};
		DA9401AF1AC77C0300726F4E /* Frameworks */ = {
			isa = PBXFrameworksBuildPhase;
			buildActionMask = 2147483647;
			files = (
			);
			runOnlyForDeploymentPostprocessing = 0;
		};
/* End PBXFrameworksBuildPhase section */

/* Begin PBXGroup section */
		64E1665F2BD84C3865FBBBE3 /* Pods */ = {
			isa = PBXGroup;
			children = (
				40359BD3C3DE0CB069B73F5C /* Pods-Swapi-App.debug.xcconfig */,
				EF041848E3C087E1F2B6557E /* Pods-Swapi-App.release.xcconfig */,
			);
			name = Pods;
			sourceTree = "<group>";
		};
		91EFDFEDD6A259BAC76CEC28 /* Frameworks */ = {
			isa = PBXGroup;
			children = (
				7C3531C00CC4EC5D70B38248 /* libPods-Swapi-App.a */,
			);
			name = Frameworks;
			sourceTree = "<group>";
		};
		DA9401941AC77C0300726F4E = {
			isa = PBXGroup;
			children = (
				DA94019F1AC77C0300726F4E /* Swapi-App */,
				DA9401B51AC77C0300726F4E /* Swapi-AppTests */,
				DA94019E1AC77C0300726F4E /* Products */,
				64E1665F2BD84C3865FBBBE3 /* Pods */,
				91EFDFEDD6A259BAC76CEC28 /* Frameworks */,
			);
			sourceTree = "<group>";
		};
		DA94019E1AC77C0300726F4E /* Products */ = {
			isa = PBXGroup;
			children = (
				DA94019D1AC77C0300726F4E /* Swapi-App.app */,
				DA9401B21AC77C0300726F4E /* Swapi-AppTests.xctest */,
			);
			name = Products;
			sourceTree = "<group>";
		};
		DA94019F1AC77C0300726F4E /* Swapi-App */ = {
			isa = PBXGroup;
			children = (
				DA9401A21AC77C0300726F4E /* AppDelegate.swift */,
				DA9401A41AC77C0300726F4E /* ViewController.swift */,
				DA9401A61AC77C0300726F4E /* Main.storyboard */,
				DA9401A91AC77C0300726F4E /* Images.xcassets */,
				DA9401AB1AC77C0300726F4E /* LaunchScreen.xib */,
				DA9401A01AC77C0300726F4E /* Supporting Files */,
				DA30E3161AC77D8500C662B6 /* Bridge.h */,
			);
			path = "Swapi-App";
			sourceTree = "<group>";
		};
		DA9401A01AC77C0300726F4E /* Supporting Files */ = {
			isa = PBXGroup;
			children = (
				DA9401A11AC77C0300726F4E /* Info.plist */,
			);
			name = "Supporting Files";
			sourceTree = "<group>";
		};
		DA9401B51AC77C0300726F4E /* Swapi-AppTests */ = {
			isa = PBXGroup;
			children = (
				DA9401B81AC77C0300726F4E /* Swapi_AppTests.swift */,
				DA9401B61AC77C0300726F4E /* Supporting Files */,
			);
			path = "Swapi-AppTests";
			sourceTree = "<group>";
		};
		DA9401B61AC77C0300726F4E /* Supporting Files */ = {
			isa = PBXGroup;
			children = (
				DA9401B71AC77C0300726F4E /* Info.plist */,
			);
			name = "Supporting Files";
			sourceTree = "<group>";
		};
/* End PBXGroup section */

/* Begin PBXNativeTarget section */
		DA94019C1AC77C0300726F4E /* Swapi-App */ = {
			isa = PBXNativeTarget;
			buildConfigurationList = DA9401BC1AC77C0300726F4E /* Build configuration list for PBXNativeTarget "Swapi-App" */;
			buildPhases = (
				2582FFFE4DC74D2689E48F26 /* Check Pods Manifest.lock */,
				DA9401991AC77C0300726F4E /* Sources */,
				DA94019A1AC77C0300726F4E /* Frameworks */,
				DA94019B1AC77C0300726F4E /* Resources */,
				8CA5B382AF9934872AB0A549 /* Copy Pods Resources */,
			);
			buildRules = (
			);
			dependencies = (
			);
			name = "Swapi-App";
			productName = "Swapi-App";
			productReference = DA94019D1AC77C0300726F4E /* Swapi-App.app */;
			productType = "com.apple.product-type.application";
		};
		DA9401B11AC77C0300726F4E /* Swapi-AppTests */ = {
			isa = PBXNativeTarget;
			buildConfigurationList = DA9401BF1AC77C0300726F4E /* Build configuration list for PBXNativeTarget "Swapi-AppTests" */;
			buildPhases = (
				DA9401AE1AC77C0300726F4E /* Sources */,
				DA9401AF1AC77C0300726F4E /* Frameworks */,
				DA9401B01AC77C0300726F4E /* Resources */,
			);
			buildRules = (
			);
			dependencies = (
				DA9401B41AC77C0300726F4E /* PBXTargetDependency */,
			);
			name = "Swapi-AppTests";
			productName = "Swapi-AppTests";
			productReference = DA9401B21AC77C0300726F4E /* Swapi-AppTests.xctest */;
			productType = "com.apple.product-type.bundle.unit-test";
		};
/* End PBXNativeTarget section */

/* Begin PBXProject section */
		DA9401951AC77C0300726F4E /* Project object */ = {
			isa = PBXProject;
			attributes = {
				LastUpgradeCheck = 0620;
				ORGANIZATIONNAME = Firebolt;
				TargetAttributes = {
					DA94019C1AC77C0300726F4E = {
						CreatedOnToolsVersion = 6.2;
					};
					DA9401B11AC77C0300726F4E = {
						CreatedOnToolsVersion = 6.2;
						TestTargetID = DA94019C1AC77C0300726F4E;
					};
				};
			};
			buildConfigurationList = DA9401981AC77C0300726F4E /* Build configuration list for PBXProject "Swapi-App" */;
			compatibilityVersion = "Xcode 3.2";
			developmentRegion = English;
			hasScannedForEncodings = 0;
			knownRegions = (
				en,
				Base,
			);
			mainGroup = DA9401941AC77C0300726F4E;
			productRefGroup = DA94019E1AC77C0300726F4E /* Products */;
			projectDirPath = "";
			projectRoot = "";
			targets = (
				DA94019C1AC77C0300726F4E /* Swapi-App */,
				DA9401B11AC77C0300726F4E /* Swapi-AppTests */,
			);
		};
/* End PBXProject section */

/* Begin PBXResourcesBuildPhase section */
		DA94019B1AC77C0300726F4E /* Resources */ = {
			isa = PBXResourcesBuildPhase;
			buildActionMask = 2147483647;
			files = (
				DA9401A81AC77C0300726F4E /* Main.storyboard in Resources */,
				DA9401AD1AC77C0300726F4E /* LaunchScreen.xib in Resources */,
				DA9401AA1AC77C0300726F4E /* Images.xcassets in Resources */,
			);
			runOnlyForDeploymentPostprocessing = 0;
		};
		DA9401B01AC77C0300726F4E /* Resources */ = {
			isa = PBXResourcesBuildPhase;
			buildActionMask = 2147483647;
			files = (
			);
			runOnlyForDeploymentPostprocessing = 0;
		};
/* End PBXResourcesBuildPhase section */

/* Begin PBXShellScriptBuildPhase section */
		2582FFFE4DC74D2689E48F26 /* Check Pods Manifest.lock */ = {
			isa = PBXShellScriptBuildPhase;
			buildActionMask = 2147483647;
			files = (
			);
			inputPaths = (
			);
			name = "Check Pods Manifest.lock";
			outputPaths = (
			);
			runOnlyForDeploymentPostprocessing = 0;
			shellPath = /bin/sh;
			shellScript = "diff \"${PODS_ROOT}/../Podfile.lock\" \"${PODS_ROOT}/Manifest.lock\" > /dev/null\nif [[ $? != 0 ]] ; then\n    cat << EOM\nerror: The sandbox is not in sync with the Podfile.lock. Run 'pod install' or update your CocoaPods installation.\nEOM\n    exit 1\nfi\n";
			showEnvVarsInLog = 0;
		};
		8CA5B382AF9934872AB0A549 /* Copy Pods Resources */ = {
			isa = PBXShellScriptBuildPhase;
			buildActionMask = 2147483647;
			files = (
			);
			inputPaths = (
			);
			name = "Copy Pods Resources";
			outputPaths = (
			);
			runOnlyForDeploymentPostprocessing = 0;
			shellPath = /bin/sh;
			shellScript = "\"${SRCROOT}/Pods/Target Support Files/Pods-Swapi-App/Pods-Swapi-App-resources.sh\"\n";
			showEnvVarsInLog = 0;
		};
/* End PBXShellScriptBuildPhase section */

/* Begin PBXSourcesBuildPhase section */
		DA9401991AC77C0300726F4E /* Sources */ = {
			isa = PBXSourcesBuildPhase;
			buildActionMask = 2147483647;
			files = (
				DA9401A51AC77C0300726F4E /* ViewController.swift in Sources */,
				DA9401A31AC77C0300726F4E /* AppDelegate.swift in Sources */,
			);
			runOnlyForDeploymentPostprocessing = 0;
		};
		DA9401AE1AC77C0300726F4E /* Sources */ = {
			isa = PBXSourcesBuildPhase;
			buildActionMask = 2147483647;
			files = (
				DA9401B91AC77C0300726F4E /* Swapi_AppTests.swift in Sources */,
			);
			runOnlyForDeploymentPostprocessing = 0;
		};
/* End PBXSourcesBuildPhase section */

/* Begin PBXTargetDependency section */
		DA9401B41AC77C0300726F4E /* PBXTargetDependency */ = {
			isa = PBXTargetDependency;
			target = DA94019C1AC77C0300726F4E /* Swapi-App */;
			targetProxy = DA9401B31AC77C0300726F4E /* PBXContainerItemProxy */;
		};
/* End PBXTargetDependency section */

/* Begin PBXVariantGroup section */
		DA9401A61AC77C0300726F4E /* Main.storyboard */ = {
			isa = PBXVariantGroup;
			children = (
				DA9401A71AC77C0300726F4E /* Base */,
			);
			name = Main.storyboard;
			sourceTree = "<group>";
		};
		DA9401AB1AC77C0300726F4E /* LaunchScreen.xib */ = {
			isa = PBXVariantGroup;
			children = (
				DA9401AC1AC77C0300726F4E /* Base */,
			);
			name = LaunchScreen.xib;
			sourceTree = "<group>";
		};
/* End PBXVariantGroup section */

/* Begin XCBuildConfiguration section */
		DA9401BA1AC77C0300726F4E /* Debug */ = {
			isa = XCBuildConfiguration;
			buildSettings = {
				ALWAYS_SEARCH_USER_PATHS = NO;
				CLANG_CXX_LANGUAGE_STANDARD = "gnu++0x";
				CLANG_CXX_LIBRARY = "libc++";
				CLANG_ENABLE_MODULES = YES;
				CLANG_ENABLE_OBJC_ARC = YES;
				CLANG_WARN_BOOL_CONVERSION = YES;
				CLANG_WARN_CONSTANT_CONVERSION = YES;
				CLANG_WARN_DIRECT_OBJC_ISA_USAGE = YES_ERROR;
				CLANG_WARN_EMPTY_BODY = YES;
				CLANG_WARN_ENUM_CONVERSION = YES;
				CLANG_WARN_INT_CONVERSION = YES;
				CLANG_WARN_OBJC_ROOT_CLASS = YES_ERROR;
				CLANG_WARN_UNREACHABLE_CODE = YES;
				CLANG_WARN__DUPLICATE_METHOD_MATCH = YES;
				"CODE_SIGN_IDENTITY[sdk=iphoneos*]" = "iPhone Developer";
				COPY_PHASE_STRIP = NO;
				ENABLE_STRICT_OBJC_MSGSEND = YES;
				GCC_C_LANGUAGE_STANDARD = gnu99;
				GCC_DYNAMIC_NO_PIC = NO;
				GCC_OPTIMIZATION_LEVEL = 0;
				GCC_PREPROCESSOR_DEFINITIONS = (
					"DEBUG=1",
					"$(inherited)",
				);
				GCC_SYMBOLS_PRIVATE_EXTERN = NO;
				GCC_WARN_64_TO_32_BIT_CONVERSION = YES;
				GCC_WARN_ABOUT_RETURN_TYPE = YES_ERROR;
				GCC_WARN_UNDECLARED_SELECTOR = YES;
				GCC_WARN_UNINITIALIZED_AUTOS = YES_AGGRESSIVE;
				GCC_WARN_UNUSED_FUNCTION = YES;
				GCC_WARN_UNUSED_VARIABLE = YES;
				IPHONEOS_DEPLOYMENT_TARGET = 8.2;
				MTL_ENABLE_DEBUG_INFO = YES;
				ONLY_ACTIVE_ARCH = YES;
				SDKROOT = iphoneos;
				SWIFT_OPTIMIZATION_LEVEL = "-Onone";
			};
			name = Debug;
		};
		DA9401BB1AC77C0300726F4E /* Release */ = {
			isa = XCBuildConfiguration;
			buildSettings = {
				ALWAYS_SEARCH_USER_PATHS = NO;
				CLANG_CXX_LANGUAGE_STANDARD = "gnu++0x";
				CLANG_CXX_LIBRARY = "libc++";
				CLANG_ENABLE_MODULES = YES;
				CLANG_ENABLE_OBJC_ARC = YES;
				CLANG_WARN_BOOL_CONVERSION = YES;
				CLANG_WARN_CONSTANT_CONVERSION = YES;
				CLANG_WARN_DIRECT_OBJC_ISA_USAGE = YES_ERROR;
				CLANG_WARN_EMPTY_BODY = YES;
				CLANG_WARN_ENUM_CONVERSION = YES;
				CLANG_WARN_INT_CONVERSION = YES;
				CLANG_WARN_OBJC_ROOT_CLASS = YES_ERROR;
				CLANG_WARN_UNREACHABLE_CODE = YES;
				CLANG_WARN__DUPLICATE_METHOD_MATCH = YES;
				"CODE_SIGN_IDENTITY[sdk=iphoneos*]" = "iPhone Developer";
				COPY_PHASE_STRIP = NO;
				ENABLE_NS_ASSERTIONS = NO;
				ENABLE_STRICT_OBJC_MSGSEND = YES;
				GCC_C_LANGUAGE_STANDARD = gnu99;
				GCC_WARN_64_TO_32_BIT_CONVERSION = YES;
				GCC_WARN_ABOUT_RETURN_TYPE = YES_ERROR;
				GCC_WARN_UNDECLARED_SELECTOR = YES;
				GCC_WARN_UNINITIALIZED_AUTOS = YES_AGGRESSIVE;
				GCC_WARN_UNUSED_FUNCTION = YES;
				GCC_WARN_UNUSED_VARIABLE = YES;
				IPHONEOS_DEPLOYMENT_TARGET = 8.2;
				MTL_ENABLE_DEBUG_INFO = NO;
				SDKROOT = iphoneos;
				VALIDATE_PRODUCT = YES;
			};
			name = Release;
		};
		DA9401BD1AC77C0300726F4E /* Debug */ = {
			isa = XCBuildConfiguration;
			baseConfigurationReference = 40359BD3C3DE0CB069B73F5C /* Pods-Swapi-App.debug.xcconfig */;
			buildSettings = {
				ASSETCATALOG_COMPILER_APPICON_NAME = AppIcon;
				INFOPLIST_FILE = "Swapi-App/Info.plist";
				LD_RUNPATH_SEARCH_PATHS = "$(inherited) @executable_path/Frameworks";
				PRODUCT_NAME = "$(TARGET_NAME)";
				SWIFT_OBJC_BRIDGING_HEADER = "Swapi-App/Bridge.h";
			};
			name = Debug;
		};
		DA9401BE1AC77C0300726F4E /* Release */ = {
			isa = XCBuildConfiguration;
			baseConfigurationReference = EF041848E3C087E1F2B6557E /* Pods-Swapi-App.release.xcconfig */;
			buildSettings = {
				ASSETCATALOG_COMPILER_APPICON_NAME = AppIcon;
				INFOPLIST_FILE = "Swapi-App/Info.plist";
				LD_RUNPATH_SEARCH_PATHS = "$(inherited) @executable_path/Frameworks";
				PRODUCT_NAME = "$(TARGET_NAME)";
				SWIFT_OBJC_BRIDGING_HEADER = "Swapi-App/Bridge.h";
			};
			name = Release;
		};
		DA9401C01AC77C0300726F4E /* Debug */ = {
			isa = XCBuildConfiguration;
			buildSettings = {
				BUNDLE_LOADER = "$(TEST_HOST)";
				FRAMEWORK_SEARCH_PATHS = (
					"$(SDKROOT)/Developer/Library/Frameworks",
					"$(inherited)",
				);
				GCC_PREPROCESSOR_DEFINITIONS = (
					"DEBUG=1",
					"$(inherited)",
				);
				INFOPLIST_FILE = "Swapi-AppTests/Info.plist";
				LD_RUNPATH_SEARCH_PATHS = "$(inherited) @executable_path/Frameworks @loader_path/Frameworks";
				PRODUCT_NAME = "$(TARGET_NAME)";
				TEST_HOST = "$(BUILT_PRODUCTS_DIR)/Swapi-App.app/Swapi-App";
			};
			name = Debug;
		};
		DA9401C11AC77C0300726F4E /* Release */ = {
			isa = XCBuildConfiguration;
			buildSettings = {
				BUNDLE_LOADER = "$(TEST_HOST)";
				FRAMEWORK_SEARCH_PATHS = (
					"$(SDKROOT)/Developer/Library/Frameworks",
					"$(inherited)",
				);
				INFOPLIST_FILE = "Swapi-AppTests/Info.plist";
				LD_RUNPATH_SEARCH_PATHS = "$(inherited) @executable_path/Frameworks @loader_path/Frameworks";
				PRODUCT_NAME = "$(TARGET_NAME)";
				TEST_HOST = "$(BUILT_PRODUCTS_DIR)/Swapi-App.app/Swapi-App";
			};
			name = Release;
		};
/* End XCBuildConfiguration section */

/* Begin XCConfigurationList section */
		DA9401981AC77C0300726F4E /* Build configuration list for PBXProject "Swapi-App" */ = {
			isa = XCConfigurationList;
			buildConfigurations = (
				DA9401BA1AC77C0300726F4E /* Debug */,
				DA9401BB1AC77C0300726F4E /* Release */,
			);
			defaultConfigurationIsVisible = 0;
			defaultConfigurationName = Release;
		};
		DA9401BC1AC77C0300726F4E /* Build configuration list for PBXNativeTarget "Swapi-App" */ = {
			isa = XCConfigurationList;
			buildConfigurations = (
				DA9401BD1AC77C0300726F4E /* Debug */,
				DA9401BE1AC77C0300726F4E /* Release */,
			);
			defaultConfigurationIsVisible = 0;
			defaultConfigurationName = Release;
		};
		DA9401BF1AC77C0300726F4E /* Build configuration list for PBXNativeTarget "Swapi-AppTests" */ = {
			isa = XCConfigurationList;
			buildConfigurations = (
				DA9401C01AC77C0300726F4E /* Debug */,
				DA9401C11AC77C0300726F4E /* Release */,
			);
			defaultConfigurationIsVisible = 0;
			defaultConfigurationName = Release;
		};
/* End XCConfigurationList section */
	};
	rootObject = DA9401951AC77C0300726F4E /* Project object */;
}
