PODS:
  - Alamofire (1.1.4)
  - Argo (0.3.4):
    - Runes (~> 1.1.2)
  - Runes (1.1.2)

DEPENDENCIES:
  - Alamofire (~> 1.1)
  - Argo (= 0.3.4)

SPEC CHECKSUMS:
  Alamofire: 6a2cbaebe78a6d469bc55ee37f0a24ba22af76ac
  Argo: cd7cd4bbf3ecb3bffb85e83a624ae0217f60dc34
  Runes: 3cca80c2bc4ba02b14e180dc67e814ab38d6a2e4

COCOAPODS: 0.36.0
