PODS:
  - Falcon (0.1.0):
    - ISO8601DateFormatter (~> 0.7)
    - Mantle (~> 1.5)
  - ISO8601DateFormatter (0.7)
  - Mantle (1.5.4):
    - Mantle/extobjc (= 1.5.4)
  - Mantle/extobjc (1.5.4)

DEPENDENCIES:
  - Falcon (~> 0.1)

SPEC CHECKSUMS:
  Falcon: bb8f1ebde8605f946f61dd6bd3277108a794ba9b
  ISO8601DateFormatter: 59731cd880cf87e71b4fa95f0d6b713dcbc4cbce
  Mantle: d5fbaf30fbc58031223af13812c060e15934a1fe

COCOAPODS: 0.36.0
